# THIS IS AN AUTOGENERATED FILE. DO NOT EDIT THIS FILE DIRECTLY.
# yarn lockfile v1


react-native-async-storage@^0.0.1:
  version "0.0.1"
  resolved "https://registry.yarnpkg.com/react-native-async-storage/-/react-native-async-storage-0.0.1.tgz#5f2ef5ff30eae64b4248e265b534e72ea41cdc69"
  integrity sha512-EwOIpNfwMiELMnS7HDzgyX2xO4TALK95O473Z6Kai5Il5j/03yTTErwMtvoYnA0OKUHd1R54ptmbbMukUH03Xg==
